// !$*UTF8*$!
{
	archiveVersion = 1;
	classes = {
	};
	objectVersion = 51;
	objects = {

/* Begin PBXBuildFile section */
		30056161F668199827F0C935 /* Pods_SwiftUniversalProjectTests.framework in Frameworks */ = {isa = PBXBuildFile; fileRef = 8F26F028BB66274E29ED3289 /* Pods_SwiftUniversalProjectTests.framework */; };
		3A31173A7E86B2B6C701FF6B /* Pods_SwiftUniversalProject_SwiftUniversalProjectUITests.framework in Frameworks */ = {isa = PBXBuildFile; fileRef = 4436CA895A6A5F96F55C196A /* Pods_SwiftUniversalProject_SwiftUniversalProjectUITests.framework */; };
		4528FA6EE3CE74068EE27AC1 /* Pods_SwiftUniversalProject.framework in Frameworks */ = {isa = PBXBuildFile; fileRef = 8F5D58867B7BCA2C20D4B7D0 /* Pods_SwiftUniversalProject.framework */; };
		BD06DF7C246A44B500872143 /* Color.swift in Sources */ = {isa = PBXBuildFile; fileRef = BD06DF7B246A44B500872143 /* Color.swift */; };
		BD06DF80246A479300872143 /* ViewController2.swift in Sources */ = {isa = PBXBuildFile; fileRef = BD06DF7F246A479300872143 /* ViewController2.swift */; };
		BD06DF82246A493300872143 /* TFNetwork.swift in Sources */ = {isa = PBXBuildFile; fileRef = BD06DF81246A493300872143 /* TFNetwork.swift */; };
		BD06DF85246A777800872143 /* BaseTabBarController.swift in Sources */ = {isa = PBXBuildFile; fileRef = BD06DF84246A777800872143 /* BaseTabBarController.swift */; };
		BD06DF88246A7A0000872143 /* ViewController3.swift in Sources */ = {isa = PBXBuildFile; fileRef = BD06DF87246A7A0000872143 /* ViewController3.swift */; };
		BD06DF8A246A7CC400872143 /* Icons.xcassets in Resources */ = {isa = PBXBuildFile; fileRef = BD06DF89246A7CC400872143 /* Icons.xcassets */; };
		BD06DF8D246A943800872143 /* ViewController4.swift in Sources */ = {isa = PBXBuildFile; fileRef = BD06DF8C246A943800872143 /* ViewController4.swift */; };
		BD06DF8F246A9B1A00872143 /* TFCustomButtonItem.swift in Sources */ = {isa = PBXBuildFile; fileRef = BD06DF8E246A9B1A00872143 /* TFCustomButtonItem.swift */; };
		E332A847246AEE9400EE2B75 /* TFTabBarController.swift in Sources */ = {isa = PBXBuildFile; fileRef = E332A846246AEE9400EE2B75 /* TFTabBarController.swift */; };
		E33F4834246861AF00E9B8B5 /* API.swift in Sources */ = {isa = PBXBuildFile; fileRef = E33F4833246861AF00E9B8B5 /* API.swift */; };
		E34882022468074B00E90511 /* AppDelegate.swift in Sources */ = {isa = PBXBuildFile; fileRef = E34882012468074B00E90511 /* AppDelegate.swift */; };
		E34882062468074B00E90511 /* ViewController1.swift in Sources */ = {isa = PBXBuildFile; fileRef = E34882052468074B00E90511 /* ViewController1.swift */; };
		E348820B2468074C00E90511 /* Assets.xcassets in Resources */ = {isa = PBXBuildFile; fileRef = E348820A2468074C00E90511 /* Assets.xcassets */; };
		E348820E2468074C00E90511 /* LaunchScreen.storyboard in Resources */ = {isa = PBXBuildFile; fileRef = E348820C2468074C00E90511 /* LaunchScreen.storyboard */; };
		E34882192468074C00E90511 /* SwiftUniversalProjectTests.swift in Sources */ = {isa = PBXBuildFile; fileRef = E34882182468074C00E90511 /* SwiftUniversalProjectTests.swift */; };
		E34882242468074D00E90511 /* SwiftUniversalProjectUITests.swift in Sources */ = {isa = PBXBuildFile; fileRef = E34882232468074D00E90511 /* SwiftUniversalProjectUITests.swift */; };
		E3ADA80D2469A348004DEE39 /* BaseNavigationController.swift in Sources */ = {isa = PBXBuildFile; fileRef = E3ADA80C2469A348004DEE39 /* BaseNavigationController.swift */; };
		E3ADA80F2469A8CF004DEE39 /* BaseViewController.swift in Sources */ = {isa = PBXBuildFile; fileRef = E3ADA80E2469A8CF004DEE39 /* BaseViewController.swift */; };
		E3D5E54C246998390099E4F6 /* Official.swift in Sources */ = {isa = PBXBuildFile; fileRef = E3D5E54B246998390099E4F6 /* Official.swift */; };
		E3E6E94D24698B6B00030D59 /* Const.swift in Sources */ = {isa = PBXBuildFile; fileRef = E3E6E94C24698B6B00030D59 /* Const.swift */; };
/* End PBXBuildFile section */

/* Begin PBXContainerItemProxy section */
		E34882152468074C00E90511 /* PBXContainerItemProxy */ = {
			isa = PBXContainerItemProxy;
			containerPortal = E34881F62468074B00E90511 /* Project object */;
			proxyType = 1;
			remoteGlobalIDString = E34881FD2468074B00E90511;
			remoteInfo = SwiftUniversalProject;
		};
		E34882202468074D00E90511 /* PBXContainerItemProxy */ = {
			isa = PBXContainerItemProxy;
			containerPortal = E34881F62468074B00E90511 /* Project object */;
			proxyType = 1;
			remoteGlobalIDString = E34881FD2468074B00E90511;
			remoteInfo = SwiftUniversalProject;
		};
/* End PBXContainerItemProxy section */

/* Begin PBXFileReference section */
		4436CA895A6A5F96F55C196A /* Pods_SwiftUniversalProject_SwiftUniversalProjectUITests.framework */ = {isa = PBXFileReference; explicitFileType = wrapper.framework; includeInIndex = 0; path = Pods_SwiftUniversalProject_SwiftUniversalProjectUITests.framework; sourceTree = BUILT_PRODUCTS_DIR; };
		6DCE31DB0BC4A02BD6B0DD0A /* Pods-SwiftUniversalProject.release.xcconfig */ = {isa = PBXFileReference; includeInIndex = 1; lastKnownFileType = text.xcconfig; name = "Pods-SwiftUniversalProject.release.xcconfig"; path = "Target Support Files/Pods-SwiftUniversalProject/Pods-SwiftUniversalProject.release.xcconfig"; sourceTree = "<group>"; };
		85A32E2BDD9195A52616486E /* Pods-SwiftUniversalProject-SwiftUniversalProjectUITests.debug.xcconfig */ = {isa = PBXFileReference; includeInIndex = 1; lastKnownFileType = text.xcconfig; name = "Pods-SwiftUniversalProject-SwiftUniversalProjectUITests.debug.xcconfig"; path = "Target Support Files/Pods-SwiftUniversalProject-SwiftUniversalProjectUITests/Pods-SwiftUniversalProject-SwiftUniversalProjectUITests.debug.xcconfig"; sourceTree = "<group>"; };
		8F26F028BB66274E29ED3289 /* Pods_SwiftUniversalProjectTests.framework */ = {isa = PBXFileReference; explicitFileType = wrapper.framework; includeInIndex = 0; path = Pods_SwiftUniversalProjectTests.framework; sourceTree = BUILT_PRODUCTS_DIR; };
		8F5D58867B7BCA2C20D4B7D0 /* Pods_SwiftUniversalProject.framework */ = {isa = PBXFileReference; explicitFileType = wrapper.framework; includeInIndex = 0; path = Pods_SwiftUniversalProject.framework; sourceTree = BUILT_PRODUCTS_DIR; };
		BD06DF7B246A44B500872143 /* Color.swift */ = {isa = PBXFileReference; lastKnownFileType = sourcecode.swift; path = Color.swift; sourceTree = "<group>"; };
		BD06DF7F246A479300872143 /* ViewController2.swift */ = {isa = PBXFileReference; lastKnownFileType = sourcecode.swift; path = ViewController2.swift; sourceTree = "<group>"; };
		BD06DF81246A493300872143 /* TFNetwork.swift */ = {isa = PBXFileReference; lastKnownFileType = sourcecode.swift; name = TFNetwork.swift; path = Network/TFNetwork.swift; sourceTree = SOURCE_ROOT; };
		BD06DF84246A777800872143 /* BaseTabBarController.swift */ = {isa = PBXFileReference; lastKnownFileType = sourcecode.swift; path = BaseTabBarController.swift; sourceTree = "<group>"; };
		BD06DF87246A7A0000872143 /* ViewController3.swift */ = {isa = PBXFileReference; lastKnownFileType = sourcecode.swift; path = ViewController3.swift; sourceTree = "<group>"; };
		BD06DF89246A7CC400872143 /* Icons.xcassets */ = {isa = PBXFileReference; lastKnownFileType = folder.assetcatalog; path = Icons.xcassets; sourceTree = "<group>"; };
		BD06DF8C246A943800872143 /* ViewController4.swift */ = {isa = PBXFileReference; lastKnownFileType = sourcecode.swift; path = ViewController4.swift; sourceTree = "<group>"; };
		BD06DF8E246A9B1A00872143 /* TFCustomButtonItem.swift */ = {isa = PBXFileReference; lastKnownFileType = sourcecode.swift; path = TFCustomButtonItem.swift; sourceTree = "<group>"; };
		D39917CB073CBD5144699194 /* Pods-SwiftUniversalProjectTests.debug.xcconfig */ = {isa = PBXFileReference; includeInIndex = 1; lastKnownFileType = text.xcconfig; name = "Pods-SwiftUniversalProjectTests.debug.xcconfig"; path = "Target Support Files/Pods-SwiftUniversalProjectTests/Pods-SwiftUniversalProjectTests.debug.xcconfig"; sourceTree = "<group>"; };
		DFFBBCE618ABF2D017D0375C /* Pods-SwiftUniversalProject-SwiftUniversalProjectUITests.release.xcconfig */ = {isa = PBXFileReference; includeInIndex = 1; lastKnownFileType = text.xcconfig; name = "Pods-SwiftUniversalProject-SwiftUniversalProjectUITests.release.xcconfig"; path = "Target Support Files/Pods-SwiftUniversalProject-SwiftUniversalProjectUITests/Pods-SwiftUniversalProject-SwiftUniversalProjectUITests.release.xcconfig"; sourceTree = "<group>"; };
		E332A846246AEE9400EE2B75 /* TFTabBarController.swift */ = {isa = PBXFileReference; lastKnownFileType = sourcecode.swift; path = TFTabBarController.swift; sourceTree = "<group>"; };
		E33F4833246861AF00E9B8B5 /* API.swift */ = {isa = PBXFileReference; lastKnownFileType = sourcecode.swift; path = API.swift; sourceTree = "<group>"; };
		E34881FE2468074B00E90511 /* SwiftUniversalProject.app */ = {isa = PBXFileReference; explicitFileType = wrapper.application; includeInIndex = 0; path = SwiftUniversalProject.app; sourceTree = BUILT_PRODUCTS_DIR; };
		E34882012468074B00E90511 /* AppDelegate.swift */ = {isa = PBXFileReference; lastKnownFileType = sourcecode.swift; path = AppDelegate.swift; sourceTree = "<group>"; };
		E34882052468074B00E90511 /* ViewController1.swift */ = {isa = PBXFileReference; lastKnownFileType = sourcecode.swift; path = ViewController1.swift; sourceTree = "<group>"; };
		E348820A2468074C00E90511 /* Assets.xcassets */ = {isa = PBXFileReference; lastKnownFileType = folder.assetcatalog; path = Assets.xcassets; sourceTree = "<group>"; };
		E348820D2468074C00E90511 /* Base */ = {isa = PBXFileReference; lastKnownFileType = file.storyboard; name = Base; path = Base.lproj/LaunchScreen.storyboard; sourceTree = "<group>"; };
		E348820F2468074C00E90511 /* Info.plist */ = {isa = PBXFileReference; lastKnownFileType = text.plist.xml; path = Info.plist; sourceTree = "<group>"; };
		E34882142468074C00E90511 /* SwiftUniversalProjectTests.xctest */ = {isa = PBXFileReference; explicitFileType = wrapper.cfbundle; includeInIndex = 0; path = SwiftUniversalProjectTests.xctest; sourceTree = BUILT_PRODUCTS_DIR; };
		E34882182468074C00E90511 /* SwiftUniversalProjectTests.swift */ = {isa = PBXFileReference; lastKnownFileType = sourcecode.swift; path = SwiftUniversalProjectTests.swift; sourceTree = "<group>"; };
		E348821A2468074C00E90511 /* Info.plist */ = {isa = PBXFileReference; lastKnownFileType = text.plist.xml; path = Info.plist; sourceTree = "<group>"; };
		E348821F2468074D00E90511 /* SwiftUniversalProjectUITests.xctest */ = {isa = PBXFileReference; explicitFileType = wrapper.cfbundle; includeInIndex = 0; path = SwiftUniversalProjectUITests.xctest; sourceTree = BUILT_PRODUCTS_DIR; };
		E34882232468074D00E90511 /* SwiftUniversalProjectUITests.swift */ = {isa = PBXFileReference; lastKnownFileType = sourcecode.swift; path = SwiftUniversalProjectUITests.swift; sourceTree = "<group>"; };
		E34882252468074D00E90511 /* Info.plist */ = {isa = PBXFileReference; lastKnownFileType = text.plist.xml; path = Info.plist; sourceTree = "<group>"; };
		E3ADA80C2469A348004DEE39 /* BaseNavigationController.swift */ = {isa = PBXFileReference; lastKnownFileType = sourcecode.swift; path = BaseNavigationController.swift; sourceTree = "<group>"; };
		E3ADA80E2469A8CF004DEE39 /* BaseViewController.swift */ = {isa = PBXFileReference; lastKnownFileType = sourcecode.swift; path = BaseViewController.swift; sourceTree = "<group>"; };
		E3D5E54B246998390099E4F6 /* Official.swift */ = {isa = PBXFileReference; lastKnownFileType = sourcecode.swift; path = Official.swift; sourceTree = "<group>"; };
		E3E6E94C24698B6B00030D59 /* Const.swift */ = {isa = PBXFileReference; lastKnownFileType = sourcecode.swift; path = Const.swift; sourceTree = "<group>"; };
		F5FDF3B20B802063B6F8FA5C /* Pods-SwiftUniversalProject.debug.xcconfig */ = {isa = PBXFileReference; includeInIndex = 1; lastKnownFileType = text.xcconfig; name = "Pods-SwiftUniversalProject.debug.xcconfig"; path = "Target Support Files/Pods-SwiftUniversalProject/Pods-SwiftUniversalProject.debug.xcconfig"; sourceTree = "<group>"; };
		FEA8D9534C47817A61570A7C /* Pods-SwiftUniversalProjectTests.release.xcconfig */ = {isa = PBXFileReference; includeInIndex = 1; lastKnownFileType = text.xcconfig; name = "Pods-SwiftUniversalProjectTests.release.xcconfig"; path = "Target Support Files/Pods-SwiftUniversalProjectTests/Pods-SwiftUniversalProjectTests.release.xcconfig"; sourceTree = "<group>"; };
/* End PBXFileReference section */

/* Begin PBXFrameworksBuildPhase section */
		E34881FB2468074B00E90511 /* Frameworks */ = {
			isa = PBXFrameworksBuildPhase;
			buildActionMask = 2147483647;
			files = (
				4528FA6EE3CE74068EE27AC1 /* Pods_SwiftUniversalProject.framework in Frameworks */,
			);
			runOnlyForDeploymentPostprocessing = 0;
		};
		E34882112468074C00E90511 /* Frameworks */ = {
			isa = PBXFrameworksBuildPhase;
			buildActionMask = 2147483647;
			files = (
				30056161F668199827F0C935 /* Pods_SwiftUniversalProjectTests.framework in Frameworks */,
			);
			runOnlyForDeploymentPostprocessing = 0;
		};
		E348821C2468074D00E90511 /* Frameworks */ = {
			isa = PBXFrameworksBuildPhase;
			buildActionMask = 2147483647;
			files = (
				3A31173A7E86B2B6C701FF6B /* Pods_SwiftUniversalProject_SwiftUniversalProjectUITests.framework in Frameworks */,
			);
			runOnlyForDeploymentPostprocessing = 0;
		};
/* End PBXFrameworksBuildPhase section */

/* Begin PBXGroup section */
		6A3EC756496851BBFFE4855C /* Frameworks */ = {
			isa = PBXGroup;
			children = (
				8F5D58867B7BCA2C20D4B7D0 /* Pods_SwiftUniversalProject.framework */,
				4436CA895A6A5F96F55C196A /* Pods_SwiftUniversalProject_SwiftUniversalProjectUITests.framework */,
				8F26F028BB66274E29ED3289 /* Pods_SwiftUniversalProjectTests.framework */,
			);
			name = Frameworks;
			sourceTree = "<group>";
		};
		AA96F3A65D7B01D293F87A6A /* Pods */ = {
			isa = PBXGroup;
			children = (
				F5FDF3B20B802063B6F8FA5C /* Pods-SwiftUniversalProject.debug.xcconfig */,
				6DCE31DB0BC4A02BD6B0DD0A /* Pods-SwiftUniversalProject.release.xcconfig */,
				85A32E2BDD9195A52616486E /* Pods-SwiftUniversalProject-SwiftUniversalProjectUITests.debug.xcconfig */,
				DFFBBCE618ABF2D017D0375C /* Pods-SwiftUniversalProject-SwiftUniversalProjectUITests.release.xcconfig */,
				D39917CB073CBD5144699194 /* Pods-SwiftUniversalProjectTests.debug.xcconfig */,
				FEA8D9534C47817A61570A7C /* Pods-SwiftUniversalProjectTests.release.xcconfig */,
			);
			path = Pods;
			sourceTree = "<group>";
		};
		BD06DF7D246A475C00872143 /* Module1 */ = {
			isa = PBXGroup;
			children = (
				E34882052468074B00E90511 /* ViewController1.swift */,
			);
			path = Module1;
			sourceTree = "<group>";
		};
		BD06DF7E246A476E00872143 /* Module2 */ = {
			isa = PBXGroup;
			children = (
				BD06DF7F246A479300872143 /* ViewController2.swift */,
			);
			path = Module2;
			sourceTree = "<group>";
		};
		BD06DF86246A79C900872143 /* Module3 */ = {
			isa = PBXGroup;
			children = (
				BD06DF87246A7A0000872143 /* ViewController3.swift */,
			);
			path = Module3;
			sourceTree = "<group>";
		};
		BD06DF8B246A93FB00872143 /* Module4 */ = {
			isa = PBXGroup;
			children = (
				BD06DF8C246A943800872143 /* ViewController4.swift */,
			);
			path = Module4;
			sourceTree = "<group>";
		};
		E34881F52468074B00E90511 = {
			isa = PBXGroup;
			children = (
				E34882002468074B00E90511 /* SwiftUniversalProject */,
				E34882172468074C00E90511 /* SwiftUniversalProjectTests */,
				E34882222468074D00E90511 /* SwiftUniversalProjectUITests */,
				E34881FF2468074B00E90511 /* Products */,
				AA96F3A65D7B01D293F87A6A /* Pods */,
				6A3EC756496851BBFFE4855C /* Frameworks */,
			);
			sourceTree = "<group>";
		};
		E34881FF2468074B00E90511 /* Products */ = {
			isa = PBXGroup;
			children = (
				E34881FE2468074B00E90511 /* SwiftUniversalProject.app */,
				E34882142468074C00E90511 /* SwiftUniversalProjectTests.xctest */,
				E348821F2468074D00E90511 /* SwiftUniversalProjectUITests.xctest */,
			);
			name = Products;
			sourceTree = "<group>";
		};
		E34882002468074B00E90511 /* SwiftUniversalProject */ = {
			isa = PBXGroup;
			children = (
				E348823124680AE400E90511 /* Base */,
				E348823224680AF000E90511 /* Customer */,
				E348823424680B0800E90511 /* Main */,
				E348823524680B1200E90511 /* Modules */,
				E348823624680B2200E90511 /* Network */,
				E348823324680AFC00E90511 /* Expand */,
				E348823824680B3A00E90511 /* ThridParty */,
				E348823724680B2E00E90511 /* Resource */,
			);
			path = SwiftUniversalProject;
			sourceTree = "<group>";
		};
		E34882172468074C00E90511 /* SwiftUniversalProjectTests */ = {
			isa = PBXGroup;
			children = (
				E34882182468074C00E90511 /* SwiftUniversalProjectTests.swift */,
				E348821A2468074C00E90511 /* Info.plist */,
			);
			path = SwiftUniversalProjectTests;
			sourceTree = "<group>";
		};
		E34882222468074D00E90511 /* SwiftUniversalProjectUITests */ = {
			isa = PBXGroup;
			children = (
				E34882232468074D00E90511 /* SwiftUniversalProjectUITests.swift */,
				E34882252468074D00E90511 /* Info.plist */,
			);
			path = SwiftUniversalProjectUITests;
			sourceTree = "<group>";
		};
		E348823124680AE400E90511 /* Base */ = {
			isa = PBXGroup;
			children = (
				E3ADA80E2469A8CF004DEE39 /* BaseViewController.swift */,
				E3ADA80C2469A348004DEE39 /* BaseNavigationController.swift */,
				BD06DF84246A777800872143 /* BaseTabBarController.swift */,
			);
			path = Base;
			sourceTree = "<group>";
		};
		E348823224680AF000E90511 /* Customer */ = {
			isa = PBXGroup;
			children = (
				BD06DF8E246A9B1A00872143 /* TFCustomButtonItem.swift */,
				E332A846246AEE9400EE2B75 /* TFTabBarController.swift */,
			);
			path = Customer;
			sourceTree = "<group>";
		};
		E348823324680AFC00E90511 /* Expand */ = {
			isa = PBXGroup;
			children = (
				E3ADA8102469B455004DEE39 /* Global */,
			);
			path = Expand;
			sourceTree = "<group>";
		};
		E348823424680B0800E90511 /* Main */ = {
			isa = PBXGroup;
			children = (
				E34882012468074B00E90511 /* AppDelegate.swift */,
				E348820C2468074C00E90511 /* LaunchScreen.storyboard */,
			);
			path = Main;
			sourceTree = "<group>";
		};
		E348823524680B1200E90511 /* Modules */ = {
			isa = PBXGroup;
			children = (
				BD06DF8B246A93FB00872143 /* Module4 */,
				BD06DF7D246A475C00872143 /* Module1 */,
				BD06DF7E246A476E00872143 /* Module2 */,
				BD06DF86246A79C900872143 /* Module3 */,
			);
			path = Modules;
			sourceTree = "<group>";
		};
		E348823624680B2200E90511 /* Network */ = {
			isa = PBXGroup;
			children = (
				BD06DF81246A493300872143 /* TFNetwork.swift */,
			);
			path = Network;
			sourceTree = "<group>";
		};
		E348823724680B2E00E90511 /* Resource */ = {
			isa = PBXGroup;
			children = (
				E348820F2468074C00E90511 /* Info.plist */,
				E348820A2468074C00E90511 /* Assets.xcassets */,
				BD06DF89246A7CC400872143 /* Icons.xcassets */,
			);
			path = Resource;
			sourceTree = "<group>";
		};
		E348823824680B3A00E90511 /* ThridParty */ = {
			isa = PBXGroup;
			children = (
			);
			path = ThridParty;
			sourceTree = "<group>";
		};
		E3ADA8102469B455004DEE39 /* Global */ = {
			isa = PBXGroup;
			children = (
				E3E6E94C24698B6B00030D59 /* Const.swift */,
				E33F4833246861AF00E9B8B5 /* API.swift */,
				E3D5E54B246998390099E4F6 /* Official.swift */,
				BD06DF7B246A44B500872143 /* Color.swift */,
			);
			path = Global;
			sourceTree = "<group>";
		};
/* End PBXGroup section */

/* Begin PBXNativeTarget section */
		E34881FD2468074B00E90511 /* SwiftUniversalProject */ = {
			isa = PBXNativeTarget;
			buildConfigurationList = E34882282468074D00E90511 /* Build configuration list for PBXNativeTarget "SwiftUniversalProject" */;
			buildPhases = (
				BDF1ACB0693A45FDFCD0626E /* [CP] Check Pods Manifest.lock */,
				E34881FA2468074B00E90511 /* Sources */,
				E34881FB2468074B00E90511 /* Frameworks */,
				E34881FC2468074B00E90511 /* Resources */,
				E6D98AA0C8153659CF9946EB /* [CP] Embed Pods Frameworks */,
			);
			buildRules = (
			);
			dependencies = (
			);
			name = SwiftUniversalProject;
			productName = SwiftUniversalProject;
			productReference = E34881FE2468074B00E90511 /* SwiftUniversalProject.app */;
			productType = "com.apple.product-type.application";
		};
		E34882132468074C00E90511 /* SwiftUniversalProjectTests */ = {
			isa = PBXNativeTarget;
			buildConfigurationList = E348822B2468074D00E90511 /* Build configuration list for PBXNativeTarget "SwiftUniversalProjectTests" */;
			buildPhases = (
				9B737B4443DE8000D830161D /* [CP] Check Pods Manifest.lock */,
				E34882102468074C00E90511 /* Sources */,
				E34882112468074C00E90511 /* Frameworks */,
				E34882122468074C00E90511 /* Resources */,
			);
			buildRules = (
			);
			dependencies = (
				E34882162468074C00E90511 /* PBXTargetDependency */,
			);
			name = SwiftUniversalProjectTests;
			productName = SwiftUniversalProjectTests;
			productReference = E34882142468074C00E90511 /* SwiftUniversalProjectTests.xctest */;
			productType = "com.apple.product-type.bundle.unit-test";
		};
		E348821E2468074D00E90511 /* SwiftUniversalProjectUITests */ = {
			isa = PBXNativeTarget;
			buildConfigurationList = E348822E2468074D00E90511 /* Build configuration list for PBXNativeTarget "SwiftUniversalProjectUITests" */;
			buildPhases = (
				40B14DAFF9115E94EE7F75A7 /* [CP] Check Pods Manifest.lock */,
				E348821B2468074D00E90511 /* Sources */,
				E348821C2468074D00E90511 /* Frameworks */,
				E348821D2468074D00E90511 /* Resources */,
				13E1E7B6B20CDE0F799C81AA /* [CP] Embed Pods Frameworks */,
			);
			buildRules = (
			);
			dependencies = (
				E34882212468074D00E90511 /* PBXTargetDependency */,
			);
			name = SwiftUniversalProjectUITests;
			productName = SwiftUniversalProjectUITests;
			productReference = E348821F2468074D00E90511 /* SwiftUniversalProjectUITests.xctest */;
			productType = "com.apple.product-type.bundle.ui-testing";
		};
/* End PBXNativeTarget section */

/* Begin PBXProject section */
		E34881F62468074B00E90511 /* Project object */ = {
			isa = PBXProject;
			attributes = {
				LastSwiftUpdateCheck = 1140;
				LastUpgradeCheck = 1140;
				ORGANIZATIONNAME = "张堂飞";
				TargetAttributes = {
					E34881FD2468074B00E90511 = {
						CreatedOnToolsVersion = 11.4;
					};
					E34882132468074C00E90511 = {
						CreatedOnToolsVersion = 11.4;
						TestTargetID = E34881FD2468074B00E90511;
					};
					E348821E2468074D00E90511 = {
						CreatedOnToolsVersion = 11.4;
						TestTargetID = E34881FD2468074B00E90511;
					};
				};
			};
			buildConfigurationList = E34881F92468074B00E90511 /* Build configuration list for PBXProject "SwiftUniversalProject" */;
			compatibilityVersion = "Xcode 9.3";
			developmentRegion = en;
			hasScannedForEncodings = 0;
			knownRegions = (
				en,
				Base,
			);
			mainGroup = E34881F52468074B00E90511;
			productRefGroup = E34881FF2468074B00E90511 /* Products */;
			projectDirPath = "";
			projectRoot = "";
			targets = (
				E34881FD2468074B00E90511 /* SwiftUniversalProject */,
				E34882132468074C00E90511 /* SwiftUniversalProjectTests */,
				E348821E2468074D00E90511 /* SwiftUniversalProjectUITests */,
			);
		};
/* End PBXProject section */

/* Begin PBXResourcesBuildPhase section */
		E34881FC2468074B00E90511 /* Resources */ = {
			isa = PBXResourcesBuildPhase;
			buildActionMask = 2147483647;
			files = (
				E348820E2468074C00E90511 /* LaunchScreen.storyboard in Resources */,
				BD06DF8A246A7CC400872143 /* Icons.xcassets in Resources */,
				E348820B2468074C00E90511 /* Assets.xcassets in Resources */,
			);
			runOnlyForDeploymentPostprocessing = 0;
		};
		E34882122468074C00E90511 /* Resources */ = {
			isa = PBXResourcesBuildPhase;
			buildActionMask = 2147483647;
			files = (
			);
			runOnlyForDeploymentPostprocessing = 0;
		};
		E348821D2468074D00E90511 /* Resources */ = {
			isa = PBXResourcesBuildPhase;
			buildActionMask = 2147483647;
			files = (
			);
			runOnlyForDeploymentPostprocessing = 0;
		};
/* End PBXResourcesBuildPhase section */

/* Begin PBXShellScriptBuildPhase section */
		13E1E7B6B20CDE0F799C81AA /* [CP] Embed Pods Frameworks */ = {
			isa = PBXShellScriptBuildPhase;
			buildActionMask = 2147483647;
			files = (
			);
			inputFileListPaths = (
				"${PODS_ROOT}/Target Support Files/Pods-SwiftUniversalProject-SwiftUniversalProjectUITests/Pods-SwiftUniversalProject-SwiftUniversalProjectUITests-frameworks-${CONFIGURATION}-input-files.xcfilelist",
			);
			name = "[CP] Embed Pods Frameworks";
			outputFileListPaths = (
				"${PODS_ROOT}/Target Support Files/Pods-SwiftUniversalProject-SwiftUniversalProjectUITests/Pods-SwiftUniversalProject-SwiftUniversalProjectUITests-frameworks-${CONFIGURATION}-output-files.xcfilelist",
			);
			runOnlyForDeploymentPostprocessing = 0;
			shellPath = /bin/sh;
			shellScript = "\"${PODS_ROOT}/Target Support Files/Pods-SwiftUniversalProject-SwiftUniversalProjectUITests/Pods-SwiftUniversalProject-SwiftUniversalProjectUITests-frameworks.sh\"\n";
			showEnvVarsInLog = 0;
		};
		40B14DAFF9115E94EE7F75A7 /* [CP] Check Pods Manifest.lock */ = {
			isa = PBXShellScriptBuildPhase;
			buildActionMask = 2147483647;
			files = (
			);
			inputFileListPaths = (
			);
			inputPaths = (
				"${PODS_PODFILE_DIR_PATH}/Podfile.lock",
				"${PODS_ROOT}/Manifest.lock",
			);
			name = "[CP] Check Pods Manifest.lock";
			outputFileListPaths = (
			);
			outputPaths = (
				"$(DERIVED_FILE_DIR)/Pods-SwiftUniversalProject-SwiftUniversalProjectUITests-checkManifestLockResult.txt",
			);
			runOnlyForDeploymentPostprocessing = 0;
			shellPath = /bin/sh;
			shellScript = "diff \"${PODS_PODFILE_DIR_PATH}/Podfile.lock\" \"${PODS_ROOT}/Manifest.lock\" > /dev/null\nif [ $? != 0 ] ; then\n    # print error to STDERR\n    echo \"error: The sandbox is not in sync with the Podfile.lock. Run 'pod install' or update your CocoaPods installation.\" >&2\n    exit 1\nfi\n# This output is used by Xcode 'outputs' to avoid re-running this script phase.\necho \"SUCCESS\" > \"${SCRIPT_OUTPUT_FILE_0}\"\n";
			showEnvVarsInLog = 0;
		};
		9B737B4443DE8000D830161D /* [CP] Check Pods Manifest.lock */ = {
			isa = PBXShellScriptBuildPhase;
			buildActionMask = 2147483647;
			files = (
			);
			inputFileListPaths = (
			);
			inputPaths = (
				"${PODS_PODFILE_DIR_PATH}/Podfile.lock",
				"${PODS_ROOT}/Manifest.lock",
			);
			name = "[CP] Check Pods Manifest.lock";
			outputFileListPaths = (
			);
			outputPaths = (
				"$(DERIVED_FILE_DIR)/Pods-SwiftUniversalProjectTests-checkManifestLockResult.txt",
			);
			runOnlyForDeploymentPostprocessing = 0;
			shellPath = /bin/sh;
			shellScript = "diff \"${PODS_PODFILE_DIR_PATH}/Podfile.lock\" \"${PODS_ROOT}/Manifest.lock\" > /dev/null\nif [ $? != 0 ] ; then\n    # print error to STDERR\n    echo \"error: The sandbox is not in sync with the Podfile.lock. Run 'pod install' or update your CocoaPods installation.\" >&2\n    exit 1\nfi\n# This output is used by Xcode 'outputs' to avoid re-running this script phase.\necho \"SUCCESS\" > \"${SCRIPT_OUTPUT_FILE_0}\"\n";
			showEnvVarsInLog = 0;
		};
		BDF1ACB0693A45FDFCD0626E /* [CP] Check Pods Manifest.lock */ = {
			isa = PBXShellScriptBuildPhase;
			buildActionMask = 2147483647;
			files = (
			);
			inputFileListPaths = (
			);
			inputPaths = (
				"${PODS_PODFILE_DIR_PATH}/Podfile.lock",
				"${PODS_ROOT}/Manifest.lock",
			);
			name = "[CP] Check Pods Manifest.lock";
			outputFileListPaths = (
			);
			outputPaths = (
				"$(DERIVED_FILE_DIR)/Pods-SwiftUniversalProject-checkManifestLockResult.txt",
			);
			runOnlyForDeploymentPostprocessing = 0;
			shellPath = /bin/sh;
			shellScript = "diff \"${PODS_PODFILE_DIR_PATH}/Podfile.lock\" \"${PODS_ROOT}/Manifest.lock\" > /dev/null\nif [ $? != 0 ] ; then\n    # print error to STDERR\n    echo \"error: The sandbox is not in sync with the Podfile.lock. Run 'pod install' or update your CocoaPods installation.\" >&2\n    exit 1\nfi\n# This output is used by Xcode 'outputs' to avoid re-running this script phase.\necho \"SUCCESS\" > \"${SCRIPT_OUTPUT_FILE_0}\"\n";
			showEnvVarsInLog = 0;
		};
		E6D98AA0C8153659CF9946EB /* [CP] Embed Pods Frameworks */ = {
			isa = PBXShellScriptBuildPhase;
			buildActionMask = 2147483647;
			files = (
			);
			inputFileListPaths = (
				"${PODS_ROOT}/Target Support Files/Pods-SwiftUniversalProject/Pods-SwiftUniversalProject-frameworks-${CONFIGURATION}-input-files.xcfilelist",
			);
			name = "[CP] Embed Pods Frameworks";
			outputFileListPaths = (
				"${PODS_ROOT}/Target Support Files/Pods-SwiftUniversalProject/Pods-SwiftUniversalProject-frameworks-${CONFIGURATION}-output-files.xcfilelist",
			);
			runOnlyForDeploymentPostprocessing = 0;
			shellPath = /bin/sh;
			shellScript = "\"${PODS_ROOT}/Target Support Files/Pods-SwiftUniversalProject/Pods-SwiftUniversalProject-frameworks.sh\"\n";
			showEnvVarsInLog = 0;
		};
/* End PBXShellScriptBuildPhase section */

/* Begin PBXSourcesBuildPhase section */
		E34881FA2468074B00E90511 /* Sources */ = {
			isa = PBXSourcesBuildPhase;
			buildActionMask = 2147483647;
			files = (
				E34882062468074B00E90511 /* ViewController1.swift in Sources */,
				E3ADA80D2469A348004DEE39 /* BaseNavigationController.swift in Sources */,
				BD06DF88246A7A0000872143 /* ViewController3.swift in Sources */,
				BD06DF80246A479300872143 /* ViewController2.swift in Sources */,
				E34882022468074B00E90511 /* AppDelegate.swift in Sources */,
				E33F4834246861AF00E9B8B5 /* API.swift in Sources */,
				E3E6E94D24698B6B00030D59 /* Const.swift in Sources */,
				E332A847246AEE9400EE2B75 /* TFTabBarController.swift in Sources */,
				BD06DF85246A777800872143 /* BaseTabBarController.swift in Sources */,
				BD06DF82246A493300872143 /* TFNetwork.swift in Sources */,
				BD06DF8F246A9B1A00872143 /* TFCustomButtonItem.swift in Sources */,
				BD06DF7C246A44B500872143 /* Color.swift in Sources */,
				E3ADA80F2469A8CF004DEE39 /* BaseViewController.swift in Sources */,
				BD06DF8D246A943800872143 /* ViewController4.swift in Sources */,
				E3D5E54C246998390099E4F6 /* Official.swift in Sources */,
			);
			runOnlyForDeploymentPostprocessing = 0;
		};
		E34882102468074C00E90511 /* Sources */ = {
			isa = PBXSourcesBuildPhase;
			buildActionMask = 2147483647;
			files = (
				E34882192468074C00E90511 /* SwiftUniversalProjectTests.swift in Sources */,
			);
			runOnlyForDeploymentPostprocessing = 0;
		};
		E348821B2468074D00E90511 /* Sources */ = {
			isa = PBXSourcesBuildPhase;
			buildActionMask = 2147483647;
			files = (
				E34882242468074D00E90511 /* SwiftUniversalProjectUITests.swift in Sources */,
			);
			runOnlyForDeploymentPostprocessing = 0;
		};
/* End PBXSourcesBuildPhase section */

/* Begin PBXTargetDependency section */
		E34882162468074C00E90511 /* PBXTargetDependency */ = {
			isa = PBXTargetDependency;
			target = E34881FD2468074B00E90511 /* SwiftUniversalProject */;
			targetProxy = E34882152468074C00E90511 /* PBXContainerItemProxy */;
		};
		E34882212468074D00E90511 /* PBXTargetDependency */ = {
			isa = PBXTargetDependency;
			target = E34881FD2468074B00E90511 /* SwiftUniversalProject */;
			targetProxy = E34882202468074D00E90511 /* PBXContainerItemProxy */;
		};
/* End PBXTargetDependency section */

/* Begin PBXVariantGroup section */
		E348820C2468074C00E90511 /* LaunchScreen.storyboard */ = {
			isa = PBXVariantGroup;
			children = (
				E348820D2468074C00E90511 /* Base */,
			);
			name = LaunchScreen.storyboard;
			sourceTree = "<group>";
		};
/* End PBXVariantGroup section */

/* Begin XCBuildConfiguration section */
		E34882262468074D00E90511 /* Debug */ = {
			isa = XCBuildConfiguration;
			buildSettings = {
				ALWAYS_SEARCH_USER_PATHS = NO;
				CLANG_ANALYZER_NONNULL = YES;
				CLANG_ANALYZER_NUMBER_OBJECT_CONVERSION = YES_AGGRESSIVE;
				CLANG_CXX_LANGUAGE_STANDARD = "gnu++14";
				CLANG_CXX_LIBRARY = "libc++";
				CLANG_ENABLE_MODULES = YES;
				CLANG_ENABLE_OBJC_ARC = YES;
				CLANG_ENABLE_OBJC_WEAK = YES;
				CLANG_WARN_BLOCK_CAPTURE_AUTORELEASING = YES;
				CLANG_WARN_BOOL_CONVERSION = YES;
				CLANG_WARN_COMMA = YES;
				CLANG_WARN_CONSTANT_CONVERSION = YES;
				CLANG_WARN_DEPRECATED_OBJC_IMPLEMENTATIONS = YES;
				CLANG_WARN_DIRECT_OBJC_ISA_USAGE = YES_ERROR;
				CLANG_WARN_DOCUMENTATION_COMMENTS = YES;
				CLANG_WARN_EMPTY_BODY = YES;
				CLANG_WARN_ENUM_CONVERSION = YES;
				CLANG_WARN_INFINITE_RECURSION = YES;
				CLANG_WARN_INT_CONVERSION = YES;
				CLANG_WARN_NON_LITERAL_NULL_CONVERSION = YES;
				CLANG_WARN_OBJC_IMPLICIT_RETAIN_SELF = YES;
				CLANG_WARN_OBJC_LITERAL_CONVERSION = YES;
				CLANG_WARN_OBJC_ROOT_CLASS = YES_ERROR;
				CLANG_WARN_RANGE_LOOP_ANALYSIS = YES;
				CLANG_WARN_STRICT_PROTOTYPES = YES;
				CLANG_WARN_SUSPICIOUS_MOVE = YES;
				CLANG_WARN_UNGUARDED_AVAILABILITY = YES_AGGRESSIVE;
				CLANG_WARN_UNREACHABLE_CODE = YES;
				CLANG_WARN__DUPLICATE_METHOD_MATCH = YES;
				COPY_PHASE_STRIP = NO;
				DEBUG_INFORMATION_FORMAT = dwarf;
				ENABLE_STRICT_OBJC_MSGSEND = YES;
				ENABLE_TESTABILITY = YES;
				GCC_C_LANGUAGE_STANDARD = gnu11;
				GCC_DYNAMIC_NO_PIC = NO;
				GCC_NO_COMMON_BLOCKS = YES;
				GCC_OPTIMIZATION_LEVEL = 0;
				GCC_PREPROCESSOR_DEFINITIONS = (
					"DEBUG=1",
					"$(inherited)",
				);
				GCC_WARN_64_TO_32_BIT_CONVERSION = YES;
				GCC_WARN_ABOUT_RETURN_TYPE = YES_ERROR;
				GCC_WARN_UNDECLARED_SELECTOR = YES;
				GCC_WARN_UNINITIALIZED_AUTOS = YES_AGGRESSIVE;
				GCC_WARN_UNUSED_FUNCTION = YES;
				GCC_WARN_UNUSED_VARIABLE = YES;
				IPHONEOS_DEPLOYMENT_TARGET = 13.4;
				MTL_ENABLE_DEBUG_INFO = INCLUDE_SOURCE;
				MTL_FAST_MATH = YES;
				ONLY_ACTIVE_ARCH = YES;
				SDKROOT = iphoneos;
				SWIFT_ACTIVE_COMPILATION_CONDITIONS = DEBUG;
				SWIFT_OPTIMIZATION_LEVEL = "-Onone";
			};
			name = Debug;
		};
		E34882272468074D00E90511 /* Release */ = {
			isa = XCBuildConfiguration;
			buildSettings = {
				ALWAYS_SEARCH_USER_PATHS = NO;
				CLANG_ANALYZER_NONNULL = YES;
				CLANG_ANALYZER_NUMBER_OBJECT_CONVERSION = YES_AGGRESSIVE;
				CLANG_CXX_LANGUAGE_STANDARD = "gnu++14";
				CLANG_CXX_LIBRARY = "libc++";
				CLANG_ENABLE_MODULES = YES;
				CLANG_ENABLE_OBJC_ARC = YES;
				CLANG_ENABLE_OBJC_WEAK = YES;
				CLANG_WARN_BLOCK_CAPTURE_AUTORELEASING = YES;
				CLANG_WARN_BOOL_CONVERSION = YES;
				CLANG_WARN_COMMA = YES;
				CLANG_WARN_CONSTANT_CONVERSION = YES;
				CLANG_WARN_DEPRECATED_OBJC_IMPLEMENTATIONS = YES;
				CLANG_WARN_DIRECT_OBJC_ISA_USAGE = YES_ERROR;
				CLANG_WARN_DOCUMENTATION_COMMENTS = YES;
				CLANG_WARN_EMPTY_BODY = YES;
				CLANG_WARN_ENUM_CONVERSION = YES;
				CLANG_WARN_INFINITE_RECURSION = YES;
				CLANG_WARN_INT_CONVERSION = YES;
				CLANG_WARN_NON_LITERAL_NULL_CONVERSION = YES;
				CLANG_WARN_OBJC_IMPLICIT_RETAIN_SELF = YES;
				CLANG_WARN_OBJC_LITERAL_CONVERSION = YES;
				CLANG_WARN_OBJC_ROOT_CLASS = YES_ERROR;
				CLANG_WARN_RANGE_LOOP_ANALYSIS = YES;
				CLANG_WARN_STRICT_PROTOTYPES = YES;
				CLANG_WARN_SUSPICIOUS_MOVE = YES;
				CLANG_WARN_UNGUARDED_AVAILABILITY = YES_AGGRESSIVE;
				CLANG_WARN_UNREACHABLE_CODE = YES;
				CLANG_WARN__DUPLICATE_METHOD_MATCH = YES;
				COPY_PHASE_STRIP = NO;
				DEBUG_INFORMATION_FORMAT = "dwarf-with-dsym";
				ENABLE_NS_ASSERTIONS = NO;
				ENABLE_STRICT_OBJC_MSGSEND = YES;
				GCC_C_LANGUAGE_STANDARD = gnu11;
				GCC_NO_COMMON_BLOCKS = YES;
				GCC_WARN_64_TO_32_BIT_CONVERSION = YES;
				GCC_WARN_ABOUT_RETURN_TYPE = YES_ERROR;
				GCC_WARN_UNDECLARED_SELECTOR = YES;
				GCC_WARN_UNINITIALIZED_AUTOS = YES_AGGRESSIVE;
				GCC_WARN_UNUSED_FUNCTION = YES;
				GCC_WARN_UNUSED_VARIABLE = YES;
				IPHONEOS_DEPLOYMENT_TARGET = 13.4;
				MTL_ENABLE_DEBUG_INFO = NO;
				MTL_FAST_MATH = YES;
				SDKROOT = iphoneos;
				SWIFT_COMPILATION_MODE = wholemodule;
				SWIFT_OPTIMIZATION_LEVEL = "-O";
				VALIDATE_PRODUCT = YES;
			};
			name = Release;
		};
		E34882292468074D00E90511 /* Debug */ = {
			isa = XCBuildConfiguration;
			baseConfigurationReference = F5FDF3B20B802063B6F8FA5C /* Pods-SwiftUniversalProject.debug.xcconfig */;
			buildSettings = {
				ASSETCATALOG_COMPILER_APPICON_NAME = AppIcon;
				CODE_SIGN_STYLE = Automatic;
				DEVELOPMENT_TEAM = F22LXBU3ZA;
				INFOPLIST_FILE = SwiftUniversalProject/Resource/Info.plist;
				IPHONEOS_DEPLOYMENT_TARGET = 9.0;
				LD_RUNPATH_SEARCH_PATHS = (
					"$(inherited)",
					"@executable_path/Frameworks",
				);
				PRODUCT_BUNDLE_IDENTIFIER = com.ztf.SwiftUniversalProject;
				PRODUCT_NAME = "$(TARGET_NAME)";
				SWIFT_VERSION = 5.0;
				TARGETED_DEVICE_FAMILY = "1,2";
			};
			name = Debug;
		};
		E348822A2468074D00E90511 /* Release */ = {
			isa = XCBuildConfiguration;
			baseConfigurationReference = 6DCE31DB0BC4A02BD6B0DD0A /* Pods-SwiftUniversalProject.release.xcconfig */;
			buildSettings = {
				ASSETCATALOG_COMPILER_APPICON_NAME = AppIcon;
				CODE_SIGN_STYLE = Automatic;
				DEVELOPMENT_TEAM = F22LXBU3ZA;
				INFOPLIST_FILE = SwiftUniversalProject/Resource/Info.plist;
				IPHONEOS_DEPLOYMENT_TARGET = 9.0;
				LD_RUNPATH_SEARCH_PATHS = (
					"$(inherited)",
					"@executable_path/Frameworks",
				);
				PRODUCT_BUNDLE_IDENTIFIER = com.ztf.SwiftUniversalProject;
				PRODUCT_NAME = "$(TARGET_NAME)";
				SWIFT_VERSION = 5.0;
				TARGETED_DEVICE_FAMILY = "1,2";
			};
			name = Release;
		};
		E348822C2468074D00E90511 /* Debug */ = {
			isa = XCBuildConfiguration;
			baseConfigurationReference = D39917CB073CBD5144699194 /* Pods-SwiftUniversalProjectTests.debug.xcconfig */;
			buildSettings = {
				ALWAYS_EMBED_SWIFT_STANDARD_LIBRARIES = YES;
				BUNDLE_LOADER = "$(TEST_HOST)";
				CODE_SIGN_STYLE = Automatic;
				DEVELOPMENT_TEAM = F22LXBU3ZA;
				INFOPLIST_FILE = SwiftUniversalProjectTests/Info.plist;
				IPHONEOS_DEPLOYMENT_TARGET = 13.4;
				LD_RUNPATH_SEARCH_PATHS = (
					"$(inherited)",
					"@executable_path/Frameworks",
					"@loader_path/Frameworks",
				);
				PRODUCT_BUNDLE_IDENTIFIER = com.ztf.SwiftUniversalProjectTests;
				PRODUCT_NAME = "$(TARGET_NAME)";
				SWIFT_VERSION = 5.0;
				TARGETED_DEVICE_FAMILY = "1,2";
				TEST_HOST = "$(BUILT_PRODUCTS_DIR)/SwiftUniversalProject.app/SwiftUniversalProject";
			};
			name = Debug;
		};
		E348822D2468074D00E90511 /* Release */ = {
			isa = XCBuildConfiguration;
			baseConfigurationReference = FEA8D9534C47817A61570A7C /* Pods-SwiftUniversalProjectTests.release.xcconfig */;
			buildSettings = {
				ALWAYS_EMBED_SWIFT_STANDARD_LIBRARIES = YES;
				BUNDLE_LOADER = "$(TEST_HOST)";
				CODE_SIGN_STYLE = Automatic;
				DEVELOPMENT_TEAM = F22LXBU3ZA;
				INFOPLIST_FILE = SwiftUniversalProjectTests/Info.plist;
				IPHONEOS_DEPLOYMENT_TARGET = 13.4;
				LD_RUNPATH_SEARCH_PATHS = (
					"$(inherited)",
					"@executable_path/Frameworks",
					"@loader_path/Frameworks",
				);
				PRODUCT_BUNDLE_IDENTIFIER = com.ztf.SwiftUniversalProjectTests;
				PRODUCT_NAME = "$(TARGET_NAME)";
				SWIFT_VERSION = 5.0;
				TARGETED_DEVICE_FAMILY = "1,2";
				TEST_HOST = "$(BUILT_PRODUCTS_DIR)/SwiftUniversalProject.app/SwiftUniversalProject";
			};
			name = Release;
		};
		E348822F2468074D00E90511 /* Debug */ = {
			isa = XCBuildConfiguration;
			baseConfigurationReference = 85A32E2BDD9195A52616486E /* Pods-SwiftUniversalProject-SwiftUniversalProjectUITests.debug.xcconfig */;
			buildSettings = {
				ALWAYS_EMBED_SWIFT_STANDARD_LIBRARIES = YES;
				CODE_SIGN_STYLE = Automatic;
				DEVELOPMENT_TEAM = F22LXBU3ZA;
				INFOPLIST_FILE = SwiftUniversalProjectUITests/Info.plist;
				LD_RUNPATH_SEARCH_PATHS = (
					"$(inherited)",
					"@executable_path/Frameworks",
					"@loader_path/Frameworks",
				);
				PRODUCT_BUNDLE_IDENTIFIER = com.ztf.SwiftUniversalProjectUITests;
				PRODUCT_NAME = "$(TARGET_NAME)";
				SWIFT_VERSION = 5.0;
				TARGETED_DEVICE_FAMILY = "1,2";
				TEST_TARGET_NAME = SwiftUniversalProject;
			};
			name = Debug;
		};
		E34882302468074D00E90511 /* Release */ = {
			isa = XCBuildConfiguration;
			baseConfigurationReference = DFFBBCE618ABF2D017D0375C /* Pods-SwiftUniversalProject-SwiftUniversalProjectUITests.release.xcconfig */;
			buildSettings = {
				ALWAYS_EMBED_SWIFT_STANDARD_LIBRARIES = YES;
				CODE_SIGN_STYLE = Automatic;
				DEVELOPMENT_TEAM = F22LXBU3ZA;
				INFOPLIST_FILE = SwiftUniversalProjectUITests/Info.plist;
				LD_RUNPATH_SEARCH_PATHS = (
					"$(inherited)",
					"@executable_path/Frameworks",
					"@loader_path/Frameworks",
				);
				PRODUCT_BUNDLE_IDENTIFIER = com.ztf.SwiftUniversalProjectUITests;
				PRODUCT_NAME = "$(TARGET_NAME)";
				SWIFT_VERSION = 5.0;
				TARGETED_DEVICE_FAMILY = "1,2";
				TEST_TARGET_NAME = SwiftUniversalProject;
			};
			name = Release;
		};
/* End XCBuildConfiguration section */

/* Begin XCConfigurationList section */
		E34881F92468074B00E90511 /* Build configuration list for PBXProject "SwiftUniversalProject" */ = {
			isa = XCConfigurationList;
			buildConfigurations = (
				E34882262468074D00E90511 /* Debug */,
				E34882272468074D00E90511 /* Release */,
			);
			defaultConfigurationIsVisible = 0;
			defaultConfigurationName = Release;
		};
		E34882282468074D00E90511 /* Build configuration list for PBXNativeTarget "SwiftUniversalProject" */ = {
			isa = XCConfigurationList;
			buildConfigurations = (
				E34882292468074D00E90511 /* Debug */,
				E348822A2468074D00E90511 /* Release */,
			);
			defaultConfigurationIsVisible = 0;
			defaultConfigurationName = Release;
		};
		E348822B2468074D00E90511 /* Build configuration list for PBXNativeTarget "SwiftUniversalProjectTests" */ = {
			isa = XCConfigurationList;
			buildConfigurations = (
				E348822C2468074D00E90511 /* Debug */,
				E348822D2468074D00E90511 /* Release */,
			);
			defaultConfigurationIsVisible = 0;
			defaultConfigurationName = Release;
		};
		E348822E2468074D00E90511 /* Build configuration list for PBXNativeTarget "SwiftUniversalProjectUITests" */ = {
			isa = XCConfigurationList;
			buildConfigurations = (
				E348822F2468074D00E90511 /* Debug */,
				E34882302468074D00E90511 /* Release */,
			);
			defaultConfigurationIsVisible = 0;
			defaultConfigurationName = Release;
		};
/* End XCConfigurationList section */
	};
	rootObject = E34881F62468074B00E90511 /* Project object */;
}
